<?xml version="1.0" encoding="utf-8"?>
<Project ToolsVersion="4.0" xmlns="http://schemas.microsoft.com/developer/msbuild/2003">
  <ItemGroup>
    <Filter Include="Base">
      <UniqueIdentifier>{9b4131ff-75e0-4d26-ab85-f3d83ed0fcb2}</UniqueIdentifier>
    </Filter>
    <Filter Include="ISR">
      <UniqueIdentifier>{706e1532-d961-433a-ab82-38260b344d45}</UniqueIdentifier>
    </Filter>
    <Filter Include="Driver">
      <UniqueIdentifier>{c49b780e-a548-41cf-a694-d00573dd75a4}</UniqueIdentifier>
    </Filter>
  </ItemGroup>
  <ItemGroup>
    <ClCompile Include="..\Base\Event.cpp">
      <Filter>Base</Filter>
    </ClCompile>
    <ClCompile Include="..\Base\EventScheduler.cpp">
      <Filter>Base</Filter>
    </ClCompile>
    <ClCompile Include="..\Base\Poller.cpp">
      <Filter>Base</Filter>
    </ClCompile>
    <ClCompile Include="..\Base\SelectPoller.cpp">
      <Filter>Base</Filter>
    </ClCompile>
    <ClCompile Include="..\Base\SocketsOps.cpp">
      <Filter>Base</Filter>
    </ClCompile>
    <ClCompile Include="Buffer.cpp">
      <Filter>ISR</Filter>
    </ClCompile>
    <ClCompile Include="InetAddress.cpp">
      <Filter>ISR</Filter>
    </ClCompile>
    <ClCompile Include="ISRConnection.cpp">
      <Filter>ISR</Filter>
    </ClCompile>
    <ClCompile Include="ISRServer.cpp">
      <Filter>ISR</Filter>
    </ClCompile>
    <ClCompile Include="TcpConnection.cpp">
      <Filter>ISR</Filter>
    </ClCompile>
    <ClCompile Include="main.cpp" />
    <ClCompile Include="Device.cpp">
      <Filter>ISR</Filter>
    </ClCompile>
    <ClCompile Include="..\Driver\usbctl.cpp">
      <Filter>Driver</Filter>
    </ClCompile>
    <ClCompile Include="..\Driver\deCell4g.cpp">
      <Filter>Driver</Filter>
    </ClCompile>
    <ClCompile Include="TRServer.cpp">
      <Filter>ISR</Filter>
    </ClCompile>
    <ClCompile Include="..\Base\Timer.cpp">
      <Filter>Base</Filter>
    </ClCompile>
    <ClCompile Include="..\Base\EpollPoller.cpp">
      <Filter>Base</Filter>
    </ClCompile>
    <ClCompile Include="..\Base\Thread.cpp">
      <Filter>Base</Filter>
    </ClCompile>
    <ClCompile Include="..\Base\ThreadPool.cpp">
      <Filter>Base</Filter>
    </ClCompile>
  </ItemGroup>
  <ItemGroup>
    <ClInclude Include="..\Base\Event.h">
      <Filter>Base</Filter>
    </ClInclude>
    <ClInclude Include="..\Base\EventScheduler.h">
      <Filter>Base</Filter>
    </ClInclude>
    <ClInclude Include="..\Base\Poller.h">
      <Filter>Base</Filter>
    </ClInclude>
    <ClInclude Include="..\Base\SelectPoller.h">
      <Filter>Base</Filter>
    </ClInclude>
    <ClInclude Include="..\Base\SocketsOps.h">
      <Filter>Base</Filter>
    </ClInclude>
    <ClInclude Include="Buffer.h">
      <Filter>ISR</Filter>
    </ClInclude>
    <ClInclude Include="InetAddress.h">
      <Filter>ISR</Filter>
    </ClInclude>
    <ClInclude Include="ISRConnection.h">
      <Filter>ISR</Filter>
    </ClInclude>
    <ClInclude Include="ISRServer.h">
      <Filter>ISR</Filter>
    </ClInclude>
    <ClInclude Include="TcpConnection.h">
      <Filter>ISR</Filter>
    </ClInclude>
    <ClInclude Include="Device.h">
      <Filter>ISR</Filter>
    </ClInclude>
    <ClInclude Include="..\Driver\usbctl.h">
      <Filter>Driver</Filter>
    </ClInclude>
    <ClInclude Include="..\Driver\deCell4g.h">
      <Filter>Driver</Filter>
    </ClInclude>
    <ClInclude Include="TRServer.h">
      <Filter>ISR</Filter>
    </ClInclude>
    <ClInclude Include="..\Base\Timer.h">
      <Filter>Base</Filter>
    </ClInclude>
    <ClInclude Include="..\Base\EpollPoller.h">
      <Filter>Base</Filter>
    </ClInclude>
    <ClInclude Include="..\Base\Thread.h">
      <Filter>Base</Filter>
    </ClInclude>
    <ClInclude Include="..\Base\ThreadPool.h">
      <Filter>Base</Filter>
    </ClInclude>
  </ItemGroup>
</Project>